
Microsoft Visual Studio Solution File, Format Version 12.00
# Visual Studio Version 17
VisualStudioVersion = 17.5.33530.505
MinimumVisualStudioVersion = 10.0.40219.1
Project("{9A19103F-16F7-4668-BE54-9A1E7A4F7556}") = "BoletoNetCore", "BoletoNetCore\BoletoNetCore.csproj", "{F173E80B-E36B-48AD-B483-A27F8CA86F3C}"
EndProject
Project("{9A19103F-16F7-4668-BE54-9A1E7A4F7556}") = "BoletoNetCore.Testes", "BoletoNetCore.Testes\BoletoNetCore.Testes.csproj", "{92951948-996F-4F22-AB35-74B06C45E1D4}"
EndProject
Project("{9A19103F-16F7-4668-BE54-9A1E7A4F7556}") = "BoletoNetCore.Pdf", "BoletoNetCore.Pdf\BoletoNetCore.Pdf.csproj", "{17C2A467-051B-4DE4-BAAE-9D713EB8EFD6}"
EndProject
Project("{9A19103F-16F7-4668-BE54-9A1E7A4F7556}") = "BoletoNetCore.QuestPdf", "BoletoNetCore.QuestPdf\BoletoNetCore.QuestPdf.csproj", "{CF92E047-9D27-434E-AD1E-8CB07EACCF42}"
EndProject
Project("{9A19103F-16F7-4668-BE54-9A1E7A4F7556}") = "BoletoNetCore.QuestPDF.AppTeste", "BoletoNetCore.QuestPDF.AppTeste\BoletoNetCore.QuestPDF.AppTeste.csproj", "{D5332CA6-4354-40C9-BDB3-337B4BDC7C9E}"
EndProject
Project("{FAE04EC0-301F-11D3-BF4B-00C04F79EFBC}") = "BoletoNetCore.WebAPI", "BoletoNetCore.WebAPI\BoletoNetCore.WebAPI.csproj", "{47694BE9-A995-4358-95AC-69F300568A9C}"
EndProject
Project("{FAE04EC0-301F-11D3-BF4B-00C04F79EFBC}") = "BoletoNetCore.Playwright", "BoletoNetCore.Playwright\BoletoNetCore.Playwright.csproj", "{C50B281F-8CB8-47EE-988C-F9A4B260B50A}"
EndProject
Project("{FAE04EC0-301F-11D3-BF4B-00C04F79EFBC}") = "BoletoNetCore.Playwright.Extensions", "BoletoNetCore.Playwright.Extensions\BoletoNetCore.Playwright.Extensions.csproj", "{640EFA1C-D33E-4C88-BE5A-310643A3B35F}"
EndProject
Project("{FAE04EC0-301F-11D3-BF4B-00C04F79EFBC}") = "BoletoNetCore.Playwright.ConsoleApp", "BoletoNetCore.Playwright.ConsoleApp\BoletoNetCore.Playwright.ConsoleApp.csproj", "{8B36028A-F8B8-4FFB-B943-EA713C9638B2}"
EndProject
Global
	GlobalSection(SolutionConfigurationPlatforms) = preSolution
		Debug|Any CPU = Debug|Any CPU
		Debug|x64 = Debug|x64
		Debug|x86 = Debug|x86
		Release|Any CPU = Release|Any CPU
		Release|x64 = Release|x64
		Release|x86 = Release|x86
	EndGlobalSection
	GlobalSection(ProjectConfigurationPlatforms) = postSolution
		{F173E80B-E36B-48AD-B483-A27F8CA86F3C}.Debug|Any CPU.ActiveCfg = Debug|Any CPU
		{F173E80B-E36B-48AD-B483-A27F8CA86F3C}.Debug|Any CPU.Build.0 = Debug|Any CPU
		{F173E80B-E36B-48AD-B483-A27F8CA86F3C}.Debug|x64.ActiveCfg = Debug|Any CPU
		{F173E80B-E36B-48AD-B483-A27F8CA86F3C}.Debug|x64.Build.0 = Debug|Any CPU
		{F173E80B-E36B-48AD-B483-A27F8CA86F3C}.Debug|x86.ActiveCfg = Debug|Any CPU
		{F173E80B-E36B-48AD-B483-A27F8CA86F3C}.Debug|x86.Build.0 = Debug|Any CPU
		{F173E80B-E36B-48AD-B483-A27F8CA86F3C}.Release|Any CPU.ActiveCfg = Release|Any CPU
		{F173E80B-E36B-48AD-B483-A27F8CA86F3C}.Release|Any CPU.Build.0 = Release|Any CPU
		{F173E80B-E36B-48AD-B483-A27F8CA86F3C}.Release|x64.ActiveCfg = Release|Any CPU
		{F173E80B-E36B-48AD-B483-A27F8CA86F3C}.Release|x64.Build.0 = Release|Any CPU
		{F173E80B-E36B-48AD-B483-A27F8CA86F3C}.Release|x86.ActiveCfg = Release|Any CPU
		{F173E80B-E36B-48AD-B483-A27F8CA86F3C}.Release|x86.Build.0 = Release|Any CPU
		{92951948-996F-4F22-AB35-74B06C45E1D4}.Debug|Any CPU.ActiveCfg = Debug|Any CPU
		{92951948-996F-4F22-AB35-74B06C45E1D4}.Debug|Any CPU.Build.0 = Debug|Any CPU
		{92951948-996F-4F22-AB35-74B06C45E1D4}.Debug|x64.ActiveCfg = Debug|Any CPU
		{92951948-996F-4F22-AB35-74B06C45E1D4}.Debug|x64.Build.0 = Debug|Any CPU
		{92951948-996F-4F22-AB35-74B06C45E1D4}.Debug|x86.ActiveCfg = Debug|Any CPU
		{92951948-996F-4F22-AB35-74B06C45E1D4}.Debug|x86.Build.0 = Debug|Any CPU
		{92951948-996F-4F22-AB35-74B06C45E1D4}.Release|Any CPU.ActiveCfg = Release|Any CPU
		{92951948-996F-4F22-AB35-74B06C45E1D4}.Release|Any CPU.Build.0 = Release|Any CPU
		{92951948-996F-4F22-AB35-74B06C45E1D4}.Release|x64.ActiveCfg = Release|Any CPU
		{92951948-996F-4F22-AB35-74B06C45E1D4}.Release|x64.Build.0 = Release|Any CPU
		{92951948-996F-4F22-AB35-74B06C45E1D4}.Release|x86.ActiveCfg = Release|Any CPU
		{92951948-996F-4F22-AB35-74B06C45E1D4}.Release|x86.Build.0 = Release|Any CPU
		{17C2A467-051B-4DE4-BAAE-9D713EB8EFD6}.Debug|Any CPU.ActiveCfg = Debug|Any CPU
		{17C2A467-051B-4DE4-BAAE-9D713EB8EFD6}.Debug|Any CPU.Build.0 = Debug|Any CPU
		{17C2A467-051B-4DE4-BAAE-9D713EB8EFD6}.Debug|x64.ActiveCfg = Debug|Any CPU
		{17C2A467-051B-4DE4-BAAE-9D713EB8EFD6}.Debug|x64.Build.0 = Debug|Any CPU
		{17C2A467-051B-4DE4-BAAE-9D713EB8EFD6}.Debug|x86.ActiveCfg = Debug|Any CPU
		{17C2A467-051B-4DE4-BAAE-9D713EB8EFD6}.Debug|x86.Build.0 = Debug|Any CPU
		{17C2A467-051B-4DE4-BAAE-9D713EB8EFD6}.Release|Any CPU.ActiveCfg = Release|Any CPU
		{17C2A467-051B-4DE4-BAAE-9D713EB8EFD6}.Release|Any CPU.Build.0 = Release|Any CPU
		{17C2A467-051B-4DE4-BAAE-9D713EB8EFD6}.Release|x64.ActiveCfg = Release|Any CPU
		{17C2A467-051B-4DE4-BAAE-9D713EB8EFD6}.Release|x64.Build.0 = Release|Any CPU
		{17C2A467-051B-4DE4-BAAE-9D713EB8EFD6}.Release|x86.ActiveCfg = Release|Any CPU
		{17C2A467-051B-4DE4-BAAE-9D713EB8EFD6}.Release|x86.Build.0 = Release|Any CPU
		{CF92E047-9D27-434E-AD1E-8CB07EACCF42}.Debug|Any CPU.ActiveCfg = Debug|Any CPU
		{CF92E047-9D27-434E-AD1E-8CB07EACCF42}.Debug|Any CPU.Build.0 = Debug|Any CPU
		{CF92E047-9D27-434E-AD1E-8CB07EACCF42}.Debug|x64.ActiveCfg = Debug|Any CPU
		{CF92E047-9D27-434E-AD1E-8CB07EACCF42}.Debug|x64.Build.0 = Debug|Any CPU
		{CF92E047-9D27-434E-AD1E-8CB07EACCF42}.Debug|x86.ActiveCfg = Debug|Any CPU
		{CF92E047-9D27-434E-AD1E-8CB07EACCF42}.Debug|x86.Build.0 = Debug|Any CPU
		{CF92E047-9D27-434E-AD1E-8CB07EACCF42}.Release|Any CPU.ActiveCfg = Release|Any CPU
		{CF92E047-9D27-434E-AD1E-8CB07EACCF42}.Release|Any CPU.Build.0 = Release|Any CPU
		{CF92E047-9D27-434E-AD1E-8CB07EACCF42}.Release|x64.ActiveCfg = Release|Any CPU
		{CF92E047-9D27-434E-AD1E-8CB07EACCF42}.Release|x64.Build.0 = Release|Any CPU
		{CF92E047-9D27-434E-AD1E-8CB07EACCF42}.Release|x86.ActiveCfg = Release|Any CPU
		{CF92E047-9D27-434E-AD1E-8CB07EACCF42}.Release|x86.Build.0 = Release|Any CPU
		{D5332CA6-4354-40C9-BDB3-337B4BDC7C9E}.Debug|Any CPU.ActiveCfg = Debug|Any CPU
		{D5332CA6-4354-40C9-BDB3-337B4BDC7C9E}.Debug|Any CPU.Build.0 = Debug|Any CPU
		{D5332CA6-4354-40C9-BDB3-337B4BDC7C9E}.Debug|x64.ActiveCfg = Debug|Any CPU
		{D5332CA6-4354-40C9-BDB3-337B4BDC7C9E}.Debug|x64.Build.0 = Debug|Any CPU
		{D5332CA6-4354-40C9-BDB3-337B4BDC7C9E}.Debug|x86.ActiveCfg = Debug|Any CPU
		{D5332CA6-4354-40C9-BDB3-337B4BDC7C9E}.Debug|x86.Build.0 = Debug|Any CPU
		{D5332CA6-4354-40C9-BDB3-337B4BDC7C9E}.Release|Any CPU.ActiveCfg = Release|Any CPU
		{D5332CA6-4354-40C9-BDB3-337B4BDC7C9E}.Release|Any CPU.Build.0 = Release|Any CPU
		{D5332CA6-4354-40C9-BDB3-337B4BDC7C9E}.Release|x64.ActiveCfg = Release|Any CPU
		{D5332CA6-4354-40C9-BDB3-337B4BDC7C9E}.Release|x64.Build.0 = Release|Any CPU
		{D5332CA6-4354-40C9-BDB3-337B4BDC7C9E}.Release|x86.ActiveCfg = Release|Any CPU
		{D5332CA6-4354-40C9-BDB3-337B4BDC7C9E}.Release|x86.Build.0 = Release|Any CPU
		{47694BE9-A995-4358-95AC-69F300568A9C}.Debug|Any CPU.ActiveCfg = Debug|Any CPU
		{47694BE9-A995-4358-95AC-69F300568A9C}.Debug|Any CPU.Build.0 = Debug|Any CPU
		{47694BE9-A995-4358-95AC-69F300568A9C}.Debug|x64.ActiveCfg = Debug|Any CPU
		{47694BE9-A995-4358-95AC-69F300568A9C}.Debug|x64.Build.0 = Debug|Any CPU
		{47694BE9-A995-4358-95AC-69F300568A9C}.Debug|x86.ActiveCfg = Debug|Any CPU
		{47694BE9-A995-4358-95AC-69F300568A9C}.Debug|x86.Build.0 = Debug|Any CPU
		{47694BE9-A995-4358-95AC-69F300568A9C}.Release|Any CPU.ActiveCfg = Release|Any CPU
		{47694BE9-A995-4358-95AC-69F300568A9C}.Release|Any CPU.Build.0 = Release|Any CPU
		{47694BE9-A995-4358-95AC-69F300568A9C}.Release|x64.ActiveCfg = Release|Any CPU
		{47694BE9-A995-4358-95AC-69F300568A9C}.Release|x64.Build.0 = Release|Any CPU
		{47694BE9-A995-4358-95AC-69F300568A9C}.Release|x86.ActiveCfg = Release|Any CPU
		{47694BE9-A995-4358-95AC-69F300568A9C}.Release|x86.Build.0 = Release|Any CPU
		{C50B281F-8CB8-47EE-988C-F9A4B260B50A}.Debug|Any CPU.ActiveCfg = Debug|Any CPU
		{C50B281F-8CB8-47EE-988C-F9A4B260B50A}.Debug|Any CPU.Build.0 = Debug|Any CPU
		{C50B281F-8CB8-47EE-988C-F9A4B260B50A}.Debug|x64.ActiveCfg = Debug|Any CPU
		{C50B281F-8CB8-47EE-988C-F9A4B260B50A}.Debug|x64.Build.0 = Debug|Any CPU
		{C50B281F-8CB8-47EE-988C-F9A4B260B50A}.Debug|x86.ActiveCfg = Debug|Any CPU
		{C50B281F-8CB8-47EE-988C-F9A4B260B50A}.Debug|x86.Build.0 = Debug|Any CPU
		{C50B281F-8CB8-47EE-988C-F9A4B260B50A}.Release|Any CPU.ActiveCfg = Release|Any CPU
		{C50B281F-8CB8-47EE-988C-F9A4B260B50A}.Release|Any CPU.Build.0 = Release|Any CPU
		{C50B281F-8CB8-47EE-988C-F9A4B260B50A}.Release|x64.ActiveCfg = Release|Any CPU
		{C50B281F-8CB8-47EE-988C-F9A4B260B50A}.Release|x64.Build.0 = Release|Any CPU
		{C50B281F-8CB8-47EE-988C-F9A4B260B50A}.Release|x86.ActiveCfg = Release|Any CPU
		{C50B281F-8CB8-47EE-988C-F9A4B260B50A}.Release|x86.Build.0 = Release|Any CPU
		{640EFA1C-D33E-4C88-BE5A-310643A3B35F}.Debug|Any CPU.ActiveCfg = Debug|Any CPU
		{640EFA1C-D33E-4C88-BE5A-310643A3B35F}.Debug|Any CPU.Build.0 = Debug|Any CPU
		{640EFA1C-D33E-4C88-BE5A-310643A3B35F}.Debug|x64.ActiveCfg = Debug|Any CPU
		{640EFA1C-D33E-4C88-BE5A-310643A3B35F}.Debug|x64.Build.0 = Debug|Any CPU
		{640EFA1C-D33E-4C88-BE5A-310643A3B35F}.Debug|x86.ActiveCfg = Debug|Any CPU
		{640EFA1C-D33E-4C88-BE5A-310643A3B35F}.Debug|x86.Build.0 = Debug|Any CPU
		{640EFA1C-D33E-4C88-BE5A-310643A3B35F}.Release|Any CPU.ActiveCfg = Release|Any CPU
		{640EFA1C-D33E-4C88-BE5A-310643A3B35F}.Release|Any CPU.Build.0 = Release|Any CPU
		{640EFA1C-D33E-4C88-BE5A-310643A3B35F}.Release|x64.ActiveCfg = Release|Any CPU
		{640EFA1C-D33E-4C88-BE5A-310643A3B35F}.Release|x64.Build.0 = Release|Any CPU
		{640EFA1C-D33E-4C88-BE5A-310643A3B35F}.Release|x86.ActiveCfg = Release|Any CPU
		{640EFA1C-D33E-4C88-BE5A-310643A3B35F}.Release|x86.Build.0 = Release|Any CPU
		{8B36028A-F8B8-4FFB-B943-EA713C9638B2}.Debug|Any CPU.ActiveCfg = Debug|Any CPU
		{8B36028A-F8B8-4FFB-B943-EA713C9638B2}.Debug|Any CPU.Build.0 = Debug|Any CPU
		{8B36028A-F8B8-4FFB-B943-EA713C9638B2}.Debug|x64.ActiveCfg = Debug|Any CPU
		{8B36028A-F8B8-4FFB-B943-EA713C9638B2}.Debug|x64.Build.0 = Debug|Any CPU
		{8B36028A-F8B8-4FFB-B943-EA713C9638B2}.Debug|x86.ActiveCfg = Debug|Any CPU
		{8B36028A-F8B8-4FFB-B943-EA713C9638B2}.Debug|x86.Build.0 = Debug|Any CPU
		{8B36028A-F8B8-4FFB-B943-EA713C9638B2}.Release|Any CPU.ActiveCfg = Release|Any CPU
		{8B36028A-F8B8-4FFB-B943-EA713C9638B2}.Release|Any CPU.Build.0 = Release|Any CPU
		{8B36028A-F8B8-4FFB-B943-EA713C9638B2}.Release|x64.ActiveCfg = Release|Any CPU
		{8B36028A-F8B8-4FFB-B943-EA713C9638B2}.Release|x64.Build.0 = Release|Any CPU
		{8B36028A-F8B8-4FFB-B943-EA713C9638B2}.Release|x86.ActiveCfg = Release|Any CPU
		{8B36028A-F8B8-4FFB-B943-EA713C9638B2}.Release|x86.Build.0 = Release|Any CPU
	EndGlobalSection
	GlobalSection(SolutionProperties) = preSolution
		HideSolutionNode = FALSE
	EndGlobalSection
	GlobalSection(ExtensibilityGlobals) = postSolution
		SolutionGuid = {8B7409D3-BDC3-4F81-99D1-268CF562FCC3}
	EndGlobalSection
EndGlobal
